
Microsoft Visual Studio Solution File, Format Version 12.00
# Visual Studio Version 17
VisualStudioVersion = 17.5.33402.96
MinimumVisualStudioVersion = 10.0.40219.1
Project("{FAE04EC0-301F-11D3-BF4B-00C04F79EFBC}") = "SwaggerDocumentsDemo.Api", "SwaggerDocumentsDemo.Api\SwaggerDocumentsDemo.Api.csproj", "{CB22FD50-A891-4EC0-99C1-89DE5AC5F8F4}"
EndProject
Global
	GlobalSection(SolutionConfigurationPlatforms) = preSolution
		Debug|Any CPU = Debug|Any CPU
		Release|Any CPU = Release|Any CPU
	EndGlobalSection
	GlobalSection(ProjectConfigurationPlatforms) = postSolution
		{CB22FD50-A891-4EC0-99C1-89DE5AC5F8F4}.Debug|Any CPU.ActiveCfg = Debug|Any CPU
		{CB22FD50-A891-4EC0-99C1-89DE5AC5F8F4}.Debug|Any CPU.Build.0 = Debug|Any CPU
		{CB22FD50-A891-4EC0-99C1-89DE5AC5F8F4}.Release|Any CPU.ActiveCfg = Release|Any CPU
		{CB22FD50-A891-4EC0-99C1-89DE5AC5F8F4}.Release|Any CPU.Build.0 = Release|Any CPU
	EndGlobalSection
	GlobalSection(SolutionProperties) = preSolution
		HideSolutionNode = FALSE
	EndGlobalSection
	GlobalSection(ExtensibilityGlobals) = postSolution
		SolutionGuid = {68DDE089-3BC2-434A-A69C-0DCDCBBB8E3E}
	EndGlobalSection
EndGlobal
